
Microsoft Visual Studio Solution File, Format Version 12.00
# Visual Studio Version 17
VisualStudioVersion = 17.12.35527.113
MinimumVisualStudioVersion = 10.0.40219.1
Project("{FAE04EC0-301F-11D3-BF4B-00C04F79EFBC}") = "LogsCollector", "LogsCollector\LogsCollector.csproj", "{E5B3A070-172E-4C72-BDB6-C00757ECE0EF}"
	ProjectSection(ProjectDependencies) = postProject
		{3853FBB5-0561-48BF-9B76-74FFDDD671A0} = {3853FBB5-0561-48BF-9B76-74FFDDD671A0}
	EndProjectSection
EndProject
Project("{2150E333-8FDC-42A3-9474-1A3956D46DE8}") = "Solution Items", "Solution Items", "{179E89E5-8C8B-4A6F-A876-29B2E976C15F}"
	ProjectSection(SolutionItems) = preProject
		README.md = README.md
	EndProjectSection
EndProject
Project("{2150E333-8FDC-42A3-9474-1A3956D46DE8}") = "functions", "functions", "{E488EFD1-9F1C-42FD-8016-A56DC765BFD0}"
EndProject
Project("{FAE04EC0-301F-11D3-BF4B-00C04F79EFBC}") = "LogsTransmitterFunction", "LogsTransmitterFunction\LogsTransmitterFunction.csproj", "{3853FBB5-0561-48BF-9B76-74FFDDD671A0}"
EndProject
Project("{FAE04EC0-301F-11D3-BF4B-00C04F79EFBC}") = "LogsCollector.Tests", "LogsCollector.Tests\LogsCollector.Tests.csproj", "{9BC4065A-7330-49DA-9DA9-B70466FA2E87}"
EndProject
Global
	GlobalSection(SolutionConfigurationPlatforms) = preSolution
		Debug|Any CPU = Debug|Any CPU
		Release|Any CPU = Release|Any CPU
	EndGlobalSection
	GlobalSection(ProjectConfigurationPlatforms) = postSolution
		{E5B3A070-172E-4C72-BDB6-C00757ECE0EF}.Debug|Any CPU.ActiveCfg = Debug|Any CPU
		{E5B3A070-172E-4C72-BDB6-C00757ECE0EF}.Debug|Any CPU.Build.0 = Debug|Any CPU
		{E5B3A070-172E-4C72-BDB6-C00757ECE0EF}.Release|Any CPU.ActiveCfg = Release|Any CPU
		{E5B3A070-172E-4C72-BDB6-C00757ECE0EF}.Release|Any CPU.Build.0 = Release|Any CPU
		{3853FBB5-0561-48BF-9B76-74FFDDD671A0}.Debug|Any CPU.ActiveCfg = Debug|Any CPU
		{3853FBB5-0561-48BF-9B76-74FFDDD671A0}.Debug|Any CPU.Build.0 = Debug|Any CPU
		{3853FBB5-0561-48BF-9B76-74FFDDD671A0}.Release|Any CPU.ActiveCfg = Release|Any CPU
		{3853FBB5-0561-48BF-9B76-74FFDDD671A0}.Release|Any CPU.Build.0 = Release|Any CPU
		{9BC4065A-7330-49DA-9DA9-B70466FA2E87}.Debug|Any CPU.ActiveCfg = Debug|Any CPU
		{9BC4065A-7330-49DA-9DA9-B70466FA2E87}.Debug|Any CPU.Build.0 = Debug|Any CPU
		{9BC4065A-7330-49DA-9DA9-B70466FA2E87}.Release|Any CPU.ActiveCfg = Release|Any CPU
		{9BC4065A-7330-49DA-9DA9-B70466FA2E87}.Release|Any CPU.Build.0 = Release|Any CPU
	EndGlobalSection
	GlobalSection(SolutionProperties) = preSolution
		HideSolutionNode = FALSE
	EndGlobalSection
	GlobalSection(NestedProjects) = preSolution
		{3853FBB5-0561-48BF-9B76-74FFDDD671A0} = {E488EFD1-9F1C-42FD-8016-A56DC765BFD0}
	EndGlobalSection
EndGlobal
